// !$*UTF8*$!
{
	archiveVersion = 1;
	classes = {
	};
	objectVersion = 51;
	objects = {

/* Begin PBXBuildFile section */
		67861BC36EF596250B6D9B8F /* Pods_MySociety.framework in Frameworks */ = {isa = PBXBuildFile; fileRef = 616CD4AE33FB49C3F6E2F425 /* Pods_MySociety.framework */; };
		840A264923D03C2E005D1232 /* NotificationInMenuTableViewCell.swift in Sources */ = {isa = PBXBuildFile; fileRef = 840A264823D03C2E005D1232 /* NotificationInMenuTableViewCell.swift */; };
		840F81F823D856BD00671370 /* PollResultHome.swift in Sources */ = {isa = PBXBuildFile; fileRef = 840F81EE23D856BC00671370 /* PollResultHome.swift */; };
		840F81F923D856BD00671370 /* UpcomingElectionHome.swift in Sources */ = {isa = PBXBuildFile; fileRef = 840F81EF23D856BC00671370 /* UpcomingElectionHome.swift */; };
		840F81FA23D856BD00671370 /* VideoHome.swift in Sources */ = {isa = PBXBuildFile; fileRef = 840F81F023D856BC00671370 /* VideoHome.swift */; };
		840F81FB23D856BD00671370 /* Feed.swift in Sources */ = {isa = PBXBuildFile; fileRef = 840F81F123D856BC00671370 /* Feed.swift */; };
		840F81FC23D856BD00671370 /* homePage.swift in Sources */ = {isa = PBXBuildFile; fileRef = 840F81F223D856BD00671370 /* homePage.swift */; };
		840F81FD23D856BD00671370 /* LivePolHome.swift in Sources */ = {isa = PBXBuildFile; fileRef = 840F81F323D856BD00671370 /* LivePolHome.swift */; };
		840F81FE23D856BD00671370 /* Notice.swift in Sources */ = {isa = PBXBuildFile; fileRef = 840F81F423D856BD00671370 /* Notice.swift */; };
		840F81FF23D856BD00671370 /* EventHome.swift in Sources */ = {isa = PBXBuildFile; fileRef = 840F81F523D856BD00671370 /* EventHome.swift */; };
		840F820023D856BD00671370 /* ElectionResultHome.swift in Sources */ = {isa = PBXBuildFile; fileRef = 840F81F623D856BD00671370 /* ElectionResultHome.swift */; };
		840F820123D856BD00671370 /* LiveElectionHome.swift in Sources */ = {isa = PBXBuildFile; fileRef = 840F81F723D856BD00671370 /* LiveElectionHome.swift */; };
		840F820423D87EFE00671370 /* EventDetail.swift in Sources */ = {isa = PBXBuildFile; fileRef = 840F820323D87EFD00671370 /* EventDetail.swift */; };
		841205F923E2E3E300912A6B /* ElectionData.swift in Sources */ = {isa = PBXBuildFile; fileRef = 841205F723E2E3E300912A6B /* ElectionData.swift */; };
		841205FA23E2E3E300912A6B /* ElectionList.swift in Sources */ = {isa = PBXBuildFile; fileRef = 841205F823E2E3E300912A6B /* ElectionList.swift */; };
		841205FE23E3082C00912A6B /* MaintenanceData.swift in Sources */ = {isa = PBXBuildFile; fileRef = 841205FC23E3082C00912A6B /* MaintenanceData.swift */; };
		841205FF23E3082C00912A6B /* maintenanceList.swift in Sources */ = {isa = PBXBuildFile; fileRef = 841205FD23E3082C00912A6B /* maintenanceList.swift */; };
		8413595323D1769C0033AD1E /* registrationOptionsViewController.swift in Sources */ = {isa = PBXBuildFile; fileRef = 8413595223D1769C0033AD1E /* registrationOptionsViewController.swift */; };
		8413595623D17A860033AD1E /* registerSocietyViewController.swift in Sources */ = {isa = PBXBuildFile; fileRef = 8413595523D17A860033AD1E /* registerSocietyViewController.swift */; };
		8413595823D189010033AD1E /* logInUserViewController.swift in Sources */ = {isa = PBXBuildFile; fileRef = 8413595723D189010033AD1E /* logInUserViewController.swift */; };
		8413595A23D18C270033AD1E /* RegisterInExistingSocietyViewController.swift in Sources */ = {isa = PBXBuildFile; fileRef = 8413595923D18C270033AD1E /* RegisterInExistingSocietyViewController.swift */; };
		8413595E23D1ABA80033AD1E /* notificationViewController.swift in Sources */ = {isa = PBXBuildFile; fileRef = 8413595D23D1ABA80033AD1E /* notificationViewController.swift */; };
		8413596023D1AC720033AD1E /* notificationTableViewCell.swift in Sources */ = {isa = PBXBuildFile; fileRef = 8413595F23D1AC720033AD1E /* notificationTableViewCell.swift */; };
		8413856E23CB87FE005CFA57 /* noticeListViewController.swift in Sources */ = {isa = PBXBuildFile; fileRef = 8413856D23CB87FE005CFA57 /* noticeListViewController.swift */; };
		8413857023CB880C005CFA57 /* NewNoticeViewController.swift in Sources */ = {isa = PBXBuildFile; fileRef = 8413856F23CB880C005CFA57 /* NewNoticeViewController.swift */; };
		8413857223CB8824005CFA57 /* NoticeListTableViewCell.swift in Sources */ = {isa = PBXBuildFile; fileRef = 8413857123CB8824005CFA57 /* NoticeListTableViewCell.swift */; };
		8413857423CB883A005CFA57 /* EventListTableViewCell.swift in Sources */ = {isa = PBXBuildFile; fileRef = 8413857323CB883A005CFA57 /* EventListTableViewCell.swift */; };
		8413857623CB8854005CFA57 /* EventListViewController.swift in Sources */ = {isa = PBXBuildFile; fileRef = 8413857523CB8854005CFA57 /* EventListViewController.swift */; };
		8413857823CB8862005CFA57 /* EventDetailViewController.swift in Sources */ = {isa = PBXBuildFile; fileRef = 8413857723CB8862005CFA57 /* EventDetailViewController.swift */; };
		8413857A23CB886D005CFA57 /* AddEventViewController.swift in Sources */ = {isa = PBXBuildFile; fileRef = 8413857923CB886D005CFA57 /* AddEventViewController.swift */; };
		8413857C23CB888A005CFA57 /* complaintsListViewController.swift in Sources */ = {isa = PBXBuildFile; fileRef = 8413857B23CB888A005CFA57 /* complaintsListViewController.swift */; };
		8413857E23CB88A1005CFA57 /* ComplaintDetailViewController.swift in Sources */ = {isa = PBXBuildFile; fileRef = 8413857D23CB88A1005CFA57 /* ComplaintDetailViewController.swift */; };
		8413858023CB88B8005CFA57 /* NewComplaintsViewController.swift in Sources */ = {isa = PBXBuildFile; fileRef = 8413857F23CB88B8005CFA57 /* NewComplaintsViewController.swift */; };
		8413858223CB88D4005CFA57 /* complaintsListTableViewCell.swift in Sources */ = {isa = PBXBuildFile; fileRef = 8413858123CB88D4005CFA57 /* complaintsListTableViewCell.swift */; };
		8413858823CB89A5005CFA57 /* MemberDirectoryListViewController.swift in Sources */ = {isa = PBXBuildFile; fileRef = 8413858723CB89A5005CFA57 /* MemberDirectoryListViewController.swift */; };
		8413858A23CB89B9005CFA57 /* ChangeMemberPositionViewController.swift in Sources */ = {isa = PBXBuildFile; fileRef = 8413858923CB89B9005CFA57 /* ChangeMemberPositionViewController.swift */; };
		8413858C23CB89D8005CFA57 /* MemberDirectoryListTableViewCell.swift in Sources */ = {isa = PBXBuildFile; fileRef = 8413858B23CB89D8005CFA57 /* MemberDirectoryListTableViewCell.swift */; };
		8413858E23CBA422005CFA57 /* EventDetailImageGalleryCollectionViewCell.swift in Sources */ = {isa = PBXBuildFile; fileRef = 8413858D23CBA422005CFA57 /* EventDetailImageGalleryCollectionViewCell.swift */; };
		84138A3023DAC02D0067B669 /* selectSocietyPopOverViewController.swift in Sources */ = {isa = PBXBuildFile; fileRef = 84138A2F23DAC02D0067B669 /* selectSocietyPopOverViewController.swift */; };
		84138A3223DAC06A0067B669 /* selectSocietySharedFile.swift in Sources */ = {isa = PBXBuildFile; fileRef = 84138A3123DAC06A0067B669 /* selectSocietySharedFile.swift */; };
		84138A3423DAC27A0067B669 /* RegisterUserSelctSocietyTableViewCell.swift in Sources */ = {isa = PBXBuildFile; fileRef = 84138A3323DAC27A0067B669 /* RegisterUserSelctSocietyTableViewCell.swift */; };
		8413AFDC23D2F9990033F5BB /* ComplaintsData.swift in Sources */ = {isa = PBXBuildFile; fileRef = 8413AFDA23D2F9990033F5BB /* ComplaintsData.swift */; };
		8413AFDD23D2F9990033F5BB /* complaints.swift in Sources */ = {isa = PBXBuildFile; fileRef = 8413AFDB23D2F9990033F5BB /* complaints.swift */; };
		8413AFE023D304290033F5BB /* ChatData.swift in Sources */ = {isa = PBXBuildFile; fileRef = 8413AFDE23D304290033F5BB /* ChatData.swift */; };
		8413AFE123D304290033F5BB /* chat.swift in Sources */ = {isa = PBXBuildFile; fileRef = 8413AFDF23D304290033F5BB /* chat.swift */; };
		8413AFF523D335AC0033F5BB /* notice.swift in Sources */ = {isa = PBXBuildFile; fileRef = 8413AFF323D335AC0033F5BB /* notice.swift */; };
		8413AFF623D335AC0033F5BB /* NoticeDatas.swift in Sources */ = {isa = PBXBuildFile; fileRef = 8413AFF423D335AC0033F5BB /* NoticeDatas.swift */; };
		8413AFFA23D342EA0033F5BB /* EventDatas.swift in Sources */ = {isa = PBXBuildFile; fileRef = 8413AFF823D342E90033F5BB /* EventDatas.swift */; };
		8413AFFB23D342EA0033F5BB /* event.swift in Sources */ = {isa = PBXBuildFile; fileRef = 8413AFF923D342E90033F5BB /* event.swift */; };
		8418EBB523D9CDFC0037AE57 /* MemberDirectoryData.swift in Sources */ = {isa = PBXBuildFile; fileRef = 8418EBB323D9CDFC0037AE57 /* MemberDirectoryData.swift */; };
		8418EBB623D9CDFC0037AE57 /* memeberUsers.swift in Sources */ = {isa = PBXBuildFile; fileRef = 8418EBB423D9CDFC0037AE57 /* memeberUsers.swift */; };
		841C426323CEE17800993483 /* ELectionListViewController.swift in Sources */ = {isa = PBXBuildFile; fileRef = 841C426223CEE17800993483 /* ELectionListViewController.swift */; };
		841C426523CEE18800993483 /* newElectionViewController.swift in Sources */ = {isa = PBXBuildFile; fileRef = 841C426423CEE18800993483 /* newElectionViewController.swift */; };
		841C426A23CEE1CF00993483 /* liveElectionListTableViewCell.swift in Sources */ = {isa = PBXBuildFile; fileRef = 841C426923CEE1CF00993483 /* liveElectionListTableViewCell.swift */; };
		841C426C23CEE1E300993483 /* UpcomingElectionTableViewCell.swift in Sources */ = {isa = PBXBuildFile; fileRef = 841C426B23CEE1E300993483 /* UpcomingElectionTableViewCell.swift */; };
		841C426E23CEE25300993483 /* ResultElectionListTableViewCell.swift in Sources */ = {isa = PBXBuildFile; fileRef = 841C426D23CEE25300993483 /* ResultElectionListTableViewCell.swift */; };
		841C427123CEE2BA00993483 /* ElectionLiveInsideTableViewCell.swift in Sources */ = {isa = PBXBuildFile; fileRef = 841C427023CEE2BA00993483 /* ElectionLiveInsideTableViewCell.swift */; };
		841C427523CF144D00993483 /* newElectionTableViewCell.swift in Sources */ = {isa = PBXBuildFile; fileRef = 841C427423CF144D00993483 /* newElectionTableViewCell.swift */; };
		841C427723CF1A7900993483 /* GroupChatViewController.swift in Sources */ = {isa = PBXBuildFile; fileRef = 841C427623CF1A7900993483 /* GroupChatViewController.swift */; };
		841C427923CF1AD300993483 /* groupChatOthersCHatTableViewCell.swift in Sources */ = {isa = PBXBuildFile; fileRef = 841C427823CF1AD300993483 /* groupChatOthersCHatTableViewCell.swift */; };
		841C427B23CF1AE200993483 /* GroupCHatMyCHatTableViewCell.swift in Sources */ = {isa = PBXBuildFile; fileRef = 841C427A23CF1AE200993483 /* GroupCHatMyCHatTableViewCell.swift */; };
		841C427E23CF2E8400993483 /* FeedbackViewController.swift in Sources */ = {isa = PBXBuildFile; fileRef = 841C427D23CF2E8400993483 /* FeedbackViewController.swift */; };
		841C428023CF2E9D00993483 /* feedbackTableViewCell.swift in Sources */ = {isa = PBXBuildFile; fileRef = 841C427F23CF2E9D00993483 /* feedbackTableViewCell.swift */; };
		841C428323CF363F00993483 /* postVideoViewController.swift in Sources */ = {isa = PBXBuildFile; fileRef = 841C428223CF363F00993483 /* postVideoViewController.swift */; };
		841C428623CF3DF600993483 /* maintenanceListViewController.swift in Sources */ = {isa = PBXBuildFile; fileRef = 841C428523CF3DF600993483 /* maintenanceListViewController.swift */; };
		841C428823CF3E1600993483 /* PayManintenanceMAountViewController.swift in Sources */ = {isa = PBXBuildFile; fileRef = 841C428723CF3E1600993483 /* PayManintenanceMAountViewController.swift */; };
		841C428A23CF3E3200993483 /* maintenanceTableViewCell.swift in Sources */ = {isa = PBXBuildFile; fileRef = 841C428923CF3E3200993483 /* maintenanceTableViewCell.swift */; };
		8421442E23CCB57700803589 /* complaintsChatMyChatTableViewCell.swift in Sources */ = {isa = PBXBuildFile; fileRef = 8421442D23CCB57700803589 /* complaintsChatMyChatTableViewCell.swift */; };
		8421443023CCB5A300803589 /* complaintsChatOtherChatTableViewCell.swift in Sources */ = {isa = PBXBuildFile; fileRef = 8421442F23CCB5A300803589 /* complaintsChatOtherChatTableViewCell.swift */; };
		842CCF8923C83FD7003FF488 /* MenuViewController.swift in Sources */ = {isa = PBXBuildFile; fileRef = 842CCF8823C83FD7003FF488 /* MenuViewController.swift */; };
		842CCF8E23C846F0003FF488 /* videoHomePageTableViewCell.swift in Sources */ = {isa = PBXBuildFile; fileRef = 842CCF8D23C846F0003FF488 /* videoHomePageTableViewCell.swift */; };
		842CCF9023C8470B003FF488 /* upcomingElectionHomePageTableViewCell.swift in Sources */ = {isa = PBXBuildFile; fileRef = 842CCF8F23C8470B003FF488 /* upcomingElectionHomePageTableViewCell.swift */; };
		842CCF9223C8471A003FF488 /* noticeHomePageTableViewCell.swift in Sources */ = {isa = PBXBuildFile; fileRef = 842CCF9123C8471A003FF488 /* noticeHomePageTableViewCell.swift */; };
		842CCF9423C8472B003FF488 /* electionResultsHomePageTableViewCell.swift in Sources */ = {isa = PBXBuildFile; fileRef = 842CCF9323C8472B003FF488 /* electionResultsHomePageTableViewCell.swift */; };
		842CCF9623C84748003FF488 /* livePollHomepgeTableViewCell.swift in Sources */ = {isa = PBXBuildFile; fileRef = 842CCF9523C84748003FF488 /* livePollHomepgeTableViewCell.swift */; };
		842CCF9823C8475A003FF488 /* pollResultHomePageTableViewCell.swift in Sources */ = {isa = PBXBuildFile; fileRef = 842CCF9723C8475A003FF488 /* pollResultHomePageTableViewCell.swift */; };
		842CCF9A23C8476E003FF488 /* eventHomePageTableViewCell.swift in Sources */ = {isa = PBXBuildFile; fileRef = 842CCF9923C8476E003FF488 /* eventHomePageTableViewCell.swift */; };
		842CCF9C23C8477D003FF488 /* liveElectionHomePageTableViewCell.swift in Sources */ = {isa = PBXBuildFile; fileRef = 842CCF9B23C8477D003FF488 /* liveElectionHomePageTableViewCell.swift */; };
		842CCF9E23C87D6A003FF488 /* PlayerView.swift in Sources */ = {isa = PBXBuildFile; fileRef = 842CCF9D23C87D6A003FF488 /* PlayerView.swift */; };
		8432E84E23E15B6B00374A39 /* SocietyData.swift in Sources */ = {isa = PBXBuildFile; fileRef = 8432E84C23E15B6B00374A39 /* SocietyData.swift */; };
		8432E84F23E15B6B00374A39 /* societyList.swift in Sources */ = {isa = PBXBuildFile; fileRef = 8432E84D23E15B6B00374A39 /* societyList.swift */; };
		8432E85723E1828500374A39 /* UsersList.swift in Sources */ = {isa = PBXBuildFile; fileRef = 8432E85523E1828500374A39 /* UsersList.swift */; };
		8432E85823E1828500374A39 /* UsersData.swift in Sources */ = {isa = PBXBuildFile; fileRef = 8432E85623E1828500374A39 /* UsersData.swift */; };
		8432E85C23E19B5E00374A39 /* OpenionPollList.swift in Sources */ = {isa = PBXBuildFile; fileRef = 8432E85A23E19B5E00374A39 /* OpenionPollList.swift */; };
		8432E85D23E19B5E00374A39 /* OpinionPoll.swift in Sources */ = {isa = PBXBuildFile; fileRef = 8432E85B23E19B5E00374A39 /* OpinionPoll.swift */; };
		843755CA23DB0B240085DA0D /* FeedbackData.swift in Sources */ = {isa = PBXBuildFile; fileRef = 843755C823DB0B240085DA0D /* FeedbackData.swift */; };
		843755CB23DB0B240085DA0D /* FeedbackList.swift in Sources */ = {isa = PBXBuildFile; fileRef = 843755C923DB0B240085DA0D /* FeedbackList.swift */; };
		8441C01423DC722E00B0B1E0 /* tabBarControllerViewController.swift in Sources */ = {isa = PBXBuildFile; fileRef = 8441C01323DC722E00B0B1E0 /* tabBarControllerViewController.swift */; };
		8451C04623CDEFAC00250292 /* opinionPollViewController.swift in Sources */ = {isa = PBXBuildFile; fileRef = 8451C04523CDEFAC00250292 /* opinionPollViewController.swift */; };
		8451C04823CDEFC300250292 /* createOpinionPollViewController.swift in Sources */ = {isa = PBXBuildFile; fileRef = 8451C04723CDEFC300250292 /* createOpinionPollViewController.swift */; };
		8451C04D23CDF02600250292 /* opinionPollLiveVoteItTableViewCell.swift in Sources */ = {isa = PBXBuildFile; fileRef = 8451C04C23CDF02600250292 /* opinionPollLiveVoteItTableViewCell.swift */; };
		8451C04F23CDF03800250292 /* opinionPollLiveVotedTableViewCell.swift in Sources */ = {isa = PBXBuildFile; fileRef = 8451C04E23CDF03800250292 /* opinionPollLiveVotedTableViewCell.swift */; };
		8451C05123CDF05100250292 /* opinionPollResultTableViewCell.swift in Sources */ = {isa = PBXBuildFile; fileRef = 8451C05023CDF05100250292 /* opinionPollResultTableViewCell.swift */; };
		84867EA723C9F11100D9B83C /* menuViewCollectionViewCell.swift in Sources */ = {isa = PBXBuildFile; fileRef = 84867EA623C9F11100D9B83C /* menuViewCollectionViewCell.swift */; };
		84A209CB23DD3986008E9574 /* selectMemberPopOverViewController.swift in Sources */ = {isa = PBXBuildFile; fileRef = 84A209CA23DD3986008E9574 /* selectMemberPopOverViewController.swift */; };
		84A209CD23DD399B008E9574 /* selectMemberSharedFile.swift in Sources */ = {isa = PBXBuildFile; fileRef = 84A209CC23DD399B008E9574 /* selectMemberSharedFile.swift */; };
		84A209CF23DD39B9008E9574 /* selectMemberTableViewCell.swift in Sources */ = {isa = PBXBuildFile; fileRef = 84A209CE23DD39B9008E9574 /* selectMemberTableViewCell.swift */; };
		84A209D223DD4802008E9574 /* payMaintenaceSelectMemberPopOverViewController.swift in Sources */ = {isa = PBXBuildFile; fileRef = 84A209D123DD4802008E9574 /* payMaintenaceSelectMemberPopOverViewController.swift */; };
		84A209D423DD4821008E9574 /* payMaintenanceSelectMemberSharedFile.swift in Sources */ = {isa = PBXBuildFile; fileRef = 84A209D323DD4821008E9574 /* payMaintenanceSelectMemberSharedFile.swift */; };
		84F2921523C7372400502408 /* AppDelegate.swift in Sources */ = {isa = PBXBuildFile; fileRef = 84F2921423C7372400502408 /* AppDelegate.swift */; };
		84F2921C23C7372400502408 /* Main.storyboard in Resources */ = {isa = PBXBuildFile; fileRef = 84F2921A23C7372400502408 /* Main.storyboard */; };
		84F2921F23C7372400502408 /* MySociety.xcdatamodeld in Sources */ = {isa = PBXBuildFile; fileRef = 84F2921D23C7372400502408 /* MySociety.xcdatamodeld */; };
		84F2922123C7372700502408 /* Assets.xcassets in Resources */ = {isa = PBXBuildFile; fileRef = 84F2922023C7372700502408 /* Assets.xcassets */; };
		84F2922423C7372700502408 /* LaunchScreen.storyboard in Resources */ = {isa = PBXBuildFile; fileRef = 84F2922223C7372700502408 /* LaunchScreen.storyboard */; };
		84F2923023C7541200502408 /* helper.swift in Sources */ = {isa = PBXBuildFile; fileRef = 84F2922F23C7541200502408 /* helper.swift */; };
		84F2923223C7542C00502408 /* extension.swift in Sources */ = {isa = PBXBuildFile; fileRef = 84F2923123C7542C00502408 /* extension.swift */; };
		84F2923423C7547000502408 /* HomePageViewController.swift in Sources */ = {isa = PBXBuildFile; fileRef = 84F2923323C7547000502408 /* HomePageViewController.swift */; };
/* End PBXBuildFile section */

/* Begin PBXFileReference section */
		26E4484AD80C2B227BCF7FD7 /* Pods-MySociety.debug.xcconfig */ = {isa = PBXFileReference; includeInIndex = 1; lastKnownFileType = text.xcconfig; name = "Pods-MySociety.debug.xcconfig"; path = "Target Support Files/Pods-MySociety/Pods-MySociety.debug.xcconfig"; sourceTree = "<group>"; };
		616CD4AE33FB49C3F6E2F425 /* Pods_MySociety.framework */ = {isa = PBXFileReference; explicitFileType = wrapper.framework; includeInIndex = 0; path = Pods_MySociety.framework; sourceTree = BUILT_PRODUCTS_DIR; };
		67FE426745B0933B74F71AD5 /* Pods-MySociety.release.xcconfig */ = {isa = PBXFileReference; includeInIndex = 1; lastKnownFileType = text.xcconfig; name = "Pods-MySociety.release.xcconfig"; path = "Target Support Files/Pods-MySociety/Pods-MySociety.release.xcconfig"; sourceTree = "<group>"; };
		840A264823D03C2E005D1232 /* NotificationInMenuTableViewCell.swift */ = {isa = PBXFileReference; lastKnownFileType = sourcecode.swift; path = NotificationInMenuTableViewCell.swift; sourceTree = "<group>"; };
		840F81EE23D856BC00671370 /* PollResultHome.swift */ = {isa = PBXFileReference; fileEncoding = 4; lastKnownFileType = sourcecode.swift; name = PollResultHome.swift; path = ../../../../../Downloads/homePage/PollResultHome.swift; sourceTree = "<group>"; };
		840F81EF23D856BC00671370 /* UpcomingElectionHome.swift */ = {isa = PBXFileReference; fileEncoding = 4; lastKnownFileType = sourcecode.swift; name = UpcomingElectionHome.swift; path = ../../../../../Downloads/homePage/UpcomingElectionHome.swift; sourceTree = "<group>"; };
		840F81F023D856BC00671370 /* VideoHome.swift */ = {isa = PBXFileReference; fileEncoding = 4; lastKnownFileType = sourcecode.swift; name = VideoHome.swift; path = ../../../../../Downloads/homePage/VideoHome.swift; sourceTree = "<group>"; };
		840F81F123D856BC00671370 /* Feed.swift */ = {isa = PBXFileReference; fileEncoding = 4; lastKnownFileType = sourcecode.swift; name = Feed.swift; path = ../../../../../Downloads/homePage/Feed.swift; sourceTree = "<group>"; };
		840F81F223D856BD00671370 /* homePage.swift */ = {isa = PBXFileReference; fileEncoding = 4; lastKnownFileType = sourcecode.swift; name = homePage.swift; path = ../../../../../Downloads/homePage/homePage.swift; sourceTree = "<group>"; };
		840F81F323D856BD00671370 /* LivePolHome.swift */ = {isa = PBXFileReference; fileEncoding = 4; lastKnownFileType = sourcecode.swift; name = LivePolHome.swift; path = ../../../../../Downloads/homePage/LivePolHome.swift; sourceTree = "<group>"; };
		840F81F423D856BD00671370 /* Notice.swift */ = {isa = PBXFileReference; fileEncoding = 4; lastKnownFileType = sourcecode.swift; name = Notice.swift; path = ../../../../../Downloads/homePage/Notice.swift; sourceTree = "<group>"; };
		840F81F523D856BD00671370 /* EventHome.swift */ = {isa = PBXFileReference; fileEncoding = 4; lastKnownFileType = sourcecode.swift; name = EventHome.swift; path = ../../../../../Downloads/homePage/EventHome.swift; sourceTree = "<group>"; };
		840F81F623D856BD00671370 /* ElectionResultHome.swift */ = {isa = PBXFileReference; fileEncoding = 4; lastKnownFileType = sourcecode.swift; name = ElectionResultHome.swift; path = ../../../../../Downloads/homePage/ElectionResultHome.swift; sourceTree = "<group>"; };
		840F81F723D856BD00671370 /* LiveElectionHome.swift */ = {isa = PBXFileReference; fileEncoding = 4; lastKnownFileType = sourcecode.swift; name = LiveElectionHome.swift; path = ../../../../../Downloads/homePage/LiveElectionHome.swift; sourceTree = "<group>"; };
		840F820323D87EFD00671370 /* EventDetail.swift */ = {isa = PBXFileReference; fileEncoding = 4; lastKnownFileType = sourcecode.swift; name = EventDetail.swift; path = ../../../../../Downloads/EventDetail.swift; sourceTree = "<group>"; };
		841205F723E2E3E300912A6B /* ElectionData.swift */ = {isa = PBXFileReference; fileEncoding = 4; lastKnownFileType = sourcecode.swift; name = ElectionData.swift; path = ../../../../../Downloads/ElectionList/ElectionData.swift; sourceTree = "<group>"; };
		841205F823E2E3E300912A6B /* ElectionList.swift */ = {isa = PBXFileReference; fileEncoding = 4; lastKnownFileType = sourcecode.swift; name = ElectionList.swift; path = ../../../../../Downloads/ElectionList/ElectionList.swift; sourceTree = "<group>"; };
		841205FC23E3082C00912A6B /* MaintenanceData.swift */ = {isa = PBXFileReference; fileEncoding = 4; lastKnownFileType = sourcecode.swift; name = MaintenanceData.swift; path = ../../../../../Downloads/maintenanceList/MaintenanceData.swift; sourceTree = "<group>"; };
		841205FD23E3082C00912A6B /* maintenanceList.swift */ = {isa = PBXFileReference; fileEncoding = 4; lastKnownFileType = sourcecode.swift; name = maintenanceList.swift; path = ../../../../../Downloads/maintenanceList/maintenanceList.swift; sourceTree = "<group>"; };
		8413595223D1769C0033AD1E /* registrationOptionsViewController.swift */ = {isa = PBXFileReference; lastKnownFileType = sourcecode.swift; path = registrationOptionsViewController.swift; sourceTree = "<group>"; };
		8413595523D17A860033AD1E /* registerSocietyViewController.swift */ = {isa = PBXFileReference; lastKnownFileType = sourcecode.swift; path = registerSocietyViewController.swift; sourceTree = "<group>"; };
		8413595723D189010033AD1E /* logInUserViewController.swift */ = {isa = PBXFileReference; lastKnownFileType = sourcecode.swift; path = logInUserViewController.swift; sourceTree = "<group>"; };
		8413595923D18C270033AD1E /* RegisterInExistingSocietyViewController.swift */ = {isa = PBXFileReference; lastKnownFileType = sourcecode.swift; path = RegisterInExistingSocietyViewController.swift; sourceTree = "<group>"; };
		8413595D23D1ABA80033AD1E /* notificationViewController.swift */ = {isa = PBXFileReference; lastKnownFileType = sourcecode.swift; path = notificationViewController.swift; sourceTree = "<group>"; };
		8413595F23D1AC720033AD1E /* notificationTableViewCell.swift */ = {isa = PBXFileReference; lastKnownFileType = sourcecode.swift; path = notificationTableViewCell.swift; sourceTree = "<group>"; };
		8413856D23CB87FE005CFA57 /* noticeListViewController.swift */ = {isa = PBXFileReference; lastKnownFileType = sourcecode.swift; path = noticeListViewController.swift; sourceTree = "<group>"; };
		8413856F23CB880C005CFA57 /* NewNoticeViewController.swift */ = {isa = PBXFileReference; lastKnownFileType = sourcecode.swift; path = NewNoticeViewController.swift; sourceTree = "<group>"; };
		8413857123CB8824005CFA57 /* NoticeListTableViewCell.swift */ = {isa = PBXFileReference; lastKnownFileType = sourcecode.swift; path = NoticeListTableViewCell.swift; sourceTree = "<group>"; };
		8413857323CB883A005CFA57 /* EventListTableViewCell.swift */ = {isa = PBXFileReference; lastKnownFileType = sourcecode.swift; path = EventListTableViewCell.swift; sourceTree = "<group>"; };
		8413857523CB8854005CFA57 /* EventListViewController.swift */ = {isa = PBXFileReference; lastKnownFileType = sourcecode.swift; path = EventListViewController.swift; sourceTree = "<group>"; };
		8413857723CB8862005CFA57 /* EventDetailViewController.swift */ = {isa = PBXFileReference; lastKnownFileType = sourcecode.swift; path = EventDetailViewController.swift; sourceTree = "<group>"; };
		8413857923CB886D005CFA57 /* AddEventViewController.swift */ = {isa = PBXFileReference; lastKnownFileType = sourcecode.swift; path = AddEventViewController.swift; sourceTree = "<group>"; };
		8413857B23CB888A005CFA57 /* complaintsListViewController.swift */ = {isa = PBXFileReference; lastKnownFileType = sourcecode.swift; path = complaintsListViewController.swift; sourceTree = "<group>"; };
		8413857D23CB88A1005CFA57 /* ComplaintDetailViewController.swift */ = {isa = PBXFileReference; lastKnownFileType = sourcecode.swift; path = ComplaintDetailViewController.swift; sourceTree = "<group>"; };
		8413857F23CB88B8005CFA57 /* NewComplaintsViewController.swift */ = {isa = PBXFileReference; lastKnownFileType = sourcecode.swift; path = NewComplaintsViewController.swift; sourceTree = "<group>"; };
		8413858123CB88D4005CFA57 /* complaintsListTableViewCell.swift */ = {isa = PBXFileReference; lastKnownFileType = sourcecode.swift; path = complaintsListTableViewCell.swift; sourceTree = "<group>"; };
		8413858723CB89A5005CFA57 /* MemberDirectoryListViewController.swift */ = {isa = PBXFileReference; lastKnownFileType = sourcecode.swift; path = MemberDirectoryListViewController.swift; sourceTree = "<group>"; };
		8413858923CB89B9005CFA57 /* ChangeMemberPositionViewController.swift */ = {isa = PBXFileReference; lastKnownFileType = sourcecode.swift; path = ChangeMemberPositionViewController.swift; sourceTree = "<group>"; };
		8413858B23CB89D8005CFA57 /* MemberDirectoryListTableViewCell.swift */ = {isa = PBXFileReference; lastKnownFileType = sourcecode.swift; path = MemberDirectoryListTableViewCell.swift; sourceTree = "<group>"; };
		8413858D23CBA422005CFA57 /* EventDetailImageGalleryCollectionViewCell.swift */ = {isa = PBXFileReference; lastKnownFileType = sourcecode.swift; path = EventDetailImageGalleryCollectionViewCell.swift; sourceTree = "<group>"; };
		84138A2F23DAC02D0067B669 /* selectSocietyPopOverViewController.swift */ = {isa = PBXFileReference; lastKnownFileType = sourcecode.swift; path = selectSocietyPopOverViewController.swift; sourceTree = "<group>"; };
		84138A3123DAC06A0067B669 /* selectSocietySharedFile.swift */ = {isa = PBXFileReference; lastKnownFileType = sourcecode.swift; path = selectSocietySharedFile.swift; sourceTree = "<group>"; };
		84138A3323DAC27A0067B669 /* RegisterUserSelctSocietyTableViewCell.swift */ = {isa = PBXFileReference; lastKnownFileType = sourcecode.swift; path = RegisterUserSelctSocietyTableViewCell.swift; sourceTree = "<group>"; };
		8413AFDA23D2F9990033F5BB /* ComplaintsData.swift */ = {isa = PBXFileReference; fileEncoding = 4; lastKnownFileType = sourcecode.swift; name = ComplaintsData.swift; path = ../../../../../Downloads/complaints/ComplaintsData.swift; sourceTree = "<group>"; };
		8413AFDB23D2F9990033F5BB /* complaints.swift */ = {isa = PBXFileReference; fileEncoding = 4; lastKnownFileType = sourcecode.swift; name = complaints.swift; path = ../../../../../Downloads/complaints/complaints.swift; sourceTree = "<group>"; };
		8413AFDE23D304290033F5BB /* ChatData.swift */ = {isa = PBXFileReference; fileEncoding = 4; lastKnownFileType = sourcecode.swift; name = ChatData.swift; path = ../../../../../Downloads/chat/ChatData.swift; sourceTree = "<group>"; };
		8413AFDF23D304290033F5BB /* chat.swift */ = {isa = PBXFileReference; fileEncoding = 4; lastKnownFileType = sourcecode.swift; name = chat.swift; path = ../../../../../Downloads/chat/chat.swift; sourceTree = "<group>"; };
		8413AFF323D335AC0033F5BB /* notice.swift */ = {isa = PBXFileReference; fileEncoding = 4; lastKnownFileType = sourcecode.swift; name = notice.swift; path = ../../../../../Downloads/notice/notice.swift; sourceTree = "<group>"; };
		8413AFF423D335AC0033F5BB /* NoticeDatas.swift */ = {isa = PBXFileReference; fileEncoding = 4; lastKnownFileType = sourcecode.swift; name = NoticeDatas.swift; path = ../../../../../Downloads/notice/NoticeDatas.swift; sourceTree = "<group>"; };
		8413AFF823D342E90033F5BB /* EventDatas.swift */ = {isa = PBXFileReference; fileEncoding = 4; lastKnownFileType = sourcecode.swift; name = EventDatas.swift; path = ../../../../../Downloads/event/EventDatas.swift; sourceTree = "<group>"; };
		8413AFF923D342E90033F5BB /* event.swift */ = {isa = PBXFileReference; fileEncoding = 4; lastKnownFileType = sourcecode.swift; name = event.swift; path = ../../../../../Downloads/event/event.swift; sourceTree = "<group>"; };
		8418EBB323D9CDFC0037AE57 /* MemberDirectoryData.swift */ = {isa = PBXFileReference; fileEncoding = 4; lastKnownFileType = sourcecode.swift; name = MemberDirectoryData.swift; path = ../../../../../Downloads/memeberUsers/MemberDirectoryData.swift; sourceTree = "<group>"; };
		8418EBB423D9CDFC0037AE57 /* memeberUsers.swift */ = {isa = PBXFileReference; fileEncoding = 4; lastKnownFileType = sourcecode.swift; name = memeberUsers.swift; path = ../../../../../Downloads/memeberUsers/memeberUsers.swift; sourceTree = "<group>"; };
		841C426223CEE17800993483 /* ELectionListViewController.swift */ = {isa = PBXFileReference; lastKnownFileType = sourcecode.swift; path = ELectionListViewController.swift; sourceTree = "<group>"; };
		841C426423CEE18800993483 /* newElectionViewController.swift */ = {isa = PBXFileReference; lastKnownFileType = sourcecode.swift; path = newElectionViewController.swift; sourceTree = "<group>"; };
		841C426923CEE1CF00993483 /* liveElectionListTableViewCell.swift */ = {isa = PBXFileReference; lastKnownFileType = sourcecode.swift; path = liveElectionListTableViewCell.swift; sourceTree = "<group>"; };
		841C426B23CEE1E300993483 /* UpcomingElectionTableViewCell.swift */ = {isa = PBXFileReference; lastKnownFileType = sourcecode.swift; path = UpcomingElectionTableViewCell.swift; sourceTree = "<group>"; };
		841C426D23CEE25300993483 /* ResultElectionListTableViewCell.swift */ = {isa = PBXFileReference; lastKnownFileType = sourcecode.swift; path = ResultElectionListTableViewCell.swift; sourceTree = "<group>"; };
		841C427023CEE2BA00993483 /* ElectionLiveInsideTableViewCell.swift */ = {isa = PBXFileReference; lastKnownFileType = sourcecode.swift; path = ElectionLiveInsideTableViewCell.swift; sourceTree = "<group>"; };
		841C427423CF144D00993483 /* newElectionTableViewCell.swift */ = {isa = PBXFileReference; lastKnownFileType = sourcecode.swift; path = newElectionTableViewCell.swift; sourceTree = "<group>"; };
		841C427623CF1A7900993483 /* GroupChatViewController.swift */ = {isa = PBXFileReference; lastKnownFileType = sourcecode.swift; path = GroupChatViewController.swift; sourceTree = "<group>"; };
		841C427823CF1AD300993483 /* groupChatOthersCHatTableViewCell.swift */ = {isa = PBXFileReference; lastKnownFileType = sourcecode.swift; path = groupChatOthersCHatTableViewCell.swift; sourceTree = "<group>"; };
		841C427A23CF1AE200993483 /* GroupCHatMyCHatTableViewCell.swift */ = {isa = PBXFileReference; lastKnownFileType = sourcecode.swift; path = GroupCHatMyCHatTableViewCell.swift; sourceTree = "<group>"; };
		841C427D23CF2E8400993483 /* FeedbackViewController.swift */ = {isa = PBXFileReference; lastKnownFileType = sourcecode.swift; path = FeedbackViewController.swift; sourceTree = "<group>"; };
		841C427F23CF2E9D00993483 /* feedbackTableViewCell.swift */ = {isa = PBXFileReference; lastKnownFileType = sourcecode.swift; path = feedbackTableViewCell.swift; sourceTree = "<group>"; };
		841C428223CF363F00993483 /* postVideoViewController.swift */ = {isa = PBXFileReference; lastKnownFileType = sourcecode.swift; path = postVideoViewController.swift; sourceTree = "<group>"; };
		841C428523CF3DF600993483 /* maintenanceListViewController.swift */ = {isa = PBXFileReference; lastKnownFileType = sourcecode.swift; path = maintenanceListViewController.swift; sourceTree = "<group>"; };
		841C428723CF3E1600993483 /* PayManintenanceMAountViewController.swift */ = {isa = PBXFileReference; lastKnownFileType = sourcecode.swift; path = PayManintenanceMAountViewController.swift; sourceTree = "<group>"; };
		841C428923CF3E3200993483 /* maintenanceTableViewCell.swift */ = {isa = PBXFileReference; lastKnownFileType = sourcecode.swift; path = maintenanceTableViewCell.swift; sourceTree = "<group>"; };
		8421442D23CCB57700803589 /* complaintsChatMyChatTableViewCell.swift */ = {isa = PBXFileReference; lastKnownFileType = sourcecode.swift; path = complaintsChatMyChatTableViewCell.swift; sourceTree = "<group>"; };
		8421442F23CCB5A300803589 /* complaintsChatOtherChatTableViewCell.swift */ = {isa = PBXFileReference; lastKnownFileType = sourcecode.swift; path = complaintsChatOtherChatTableViewCell.swift; sourceTree = "<group>"; };
		842CCF8823C83FD7003FF488 /* MenuViewController.swift */ = {isa = PBXFileReference; lastKnownFileType = sourcecode.swift; path = MenuViewController.swift; sourceTree = "<group>"; };
		842CCF8D23C846F0003FF488 /* videoHomePageTableViewCell.swift */ = {isa = PBXFileReference; lastKnownFileType = sourcecode.swift; path = videoHomePageTableViewCell.swift; sourceTree = "<group>"; };
		842CCF8F23C8470B003FF488 /* upcomingElectionHomePageTableViewCell.swift */ = {isa = PBXFileReference; lastKnownFileType = sourcecode.swift; path = upcomingElectionHomePageTableViewCell.swift; sourceTree = "<group>"; };
		842CCF9123C8471A003FF488 /* noticeHomePageTableViewCell.swift */ = {isa = PBXFileReference; lastKnownFileType = sourcecode.swift; path = noticeHomePageTableViewCell.swift; sourceTree = "<group>"; };
		842CCF9323C8472B003FF488 /* electionResultsHomePageTableViewCell.swift */ = {isa = PBXFileReference; lastKnownFileType = sourcecode.swift; path = electionResultsHomePageTableViewCell.swift; sourceTree = "<group>"; };
		842CCF9523C84748003FF488 /* livePollHomepgeTableViewCell.swift */ = {isa = PBXFileReference; lastKnownFileType = sourcecode.swift; path = livePollHomepgeTableViewCell.swift; sourceTree = "<group>"; };
		842CCF9723C8475A003FF488 /* pollResultHomePageTableViewCell.swift */ = {isa = PBXFileReference; lastKnownFileType = sourcecode.swift; path = pollResultHomePageTableViewCell.swift; sourceTree = "<group>"; };
		842CCF9923C8476E003FF488 /* eventHomePageTableViewCell.swift */ = {isa = PBXFileReference; lastKnownFileType = sourcecode.swift; path = eventHomePageTableViewCell.swift; sourceTree = "<group>"; };
		842CCF9B23C8477D003FF488 /* liveElectionHomePageTableViewCell.swift */ = {isa = PBXFileReference; lastKnownFileType = sourcecode.swift; path = liveElectionHomePageTableViewCell.swift; sourceTree = "<group>"; };
		842CCF9D23C87D6A003FF488 /* PlayerView.swift */ = {isa = PBXFileReference; lastKnownFileType = sourcecode.swift; path = PlayerView.swift; sourceTree = "<group>"; };
		8432E84C23E15B6B00374A39 /* SocietyData.swift */ = {isa = PBXFileReference; fileEncoding = 4; lastKnownFileType = sourcecode.swift; name = SocietyData.swift; path = ../../../../../Downloads/societyList/SocietyData.swift; sourceTree = "<group>"; };
		8432E84D23E15B6B00374A39 /* societyList.swift */ = {isa = PBXFileReference; fileEncoding = 4; lastKnownFileType = sourcecode.swift; name = societyList.swift; path = ../../../../../Downloads/societyList/societyList.swift; sourceTree = "<group>"; };
		8432E85523E1828500374A39 /* UsersList.swift */ = {isa = PBXFileReference; fileEncoding = 4; lastKnownFileType = sourcecode.swift; name = UsersList.swift; path = "../../../../../Downloads/UsersList 2/UsersList.swift"; sourceTree = "<group>"; };
		8432E85623E1828500374A39 /* UsersData.swift */ = {isa = PBXFileReference; fileEncoding = 4; lastKnownFileType = sourcecode.swift; name = UsersData.swift; path = "../../../../../Downloads/UsersList 2/UsersData.swift"; sourceTree = "<group>"; };
		8432E85A23E19B5E00374A39 /* OpenionPollList.swift */ = {isa = PBXFileReference; fileEncoding = 4; lastKnownFileType = sourcecode.swift; name = OpenionPollList.swift; path = ../../../../../Downloads/OpenionPollList/OpenionPollList.swift; sourceTree = "<group>"; };
		8432E85B23E19B5E00374A39 /* OpinionPoll.swift */ = {isa = PBXFileReference; fileEncoding = 4; lastKnownFileType = sourcecode.swift; name = OpinionPoll.swift; path = ../../../../../Downloads/OpenionPollList/OpinionPoll.swift; sourceTree = "<group>"; };
		843755C823DB0B240085DA0D /* FeedbackData.swift */ = {isa = PBXFileReference; fileEncoding = 4; lastKnownFileType = sourcecode.swift; name = FeedbackData.swift; path = ../../../../../Downloads/FeedbackList/FeedbackData.swift; sourceTree = "<group>"; };
		843755C923DB0B240085DA0D /* FeedbackList.swift */ = {isa = PBXFileReference; fileEncoding = 4; lastKnownFileType = sourcecode.swift; name = FeedbackList.swift; path = ../../../../../Downloads/FeedbackList/FeedbackList.swift; sourceTree = "<group>"; };
		8441C01323DC722E00B0B1E0 /* tabBarControllerViewController.swift */ = {isa = PBXFileReference; lastKnownFileType = sourcecode.swift; path = tabBarControllerViewController.swift; sourceTree = "<group>"; };
		8451C04523CDEFAC00250292 /* opinionPollViewController.swift */ = {isa = PBXFileReference; lastKnownFileType = sourcecode.swift; path = opinionPollViewController.swift; sourceTree = "<group>"; };
		8451C04723CDEFC300250292 /* createOpinionPollViewController.swift */ = {isa = PBXFileReference; lastKnownFileType = sourcecode.swift; path = createOpinionPollViewController.swift; sourceTree = "<group>"; };
		8451C04C23CDF02600250292 /* opinionPollLiveVoteItTableViewCell.swift */ = {isa = PBXFileReference; lastKnownFileType = sourcecode.swift; path = opinionPollLiveVoteItTableViewCell.swift; sourceTree = "<group>"; };
		8451C04E23CDF03800250292 /* opinionPollLiveVotedTableViewCell.swift */ = {isa = PBXFileReference; lastKnownFileType = sourcecode.swift; path = opinionPollLiveVotedTableViewCell.swift; sourceTree = "<group>"; };
		8451C05023CDF05100250292 /* opinionPollResultTableViewCell.swift */ = {isa = PBXFileReference; lastKnownFileType = sourcecode.swift; path = opinionPollResultTableViewCell.swift; sourceTree = "<group>"; };
		84867EA623C9F11100D9B83C /* menuViewCollectionViewCell.swift */ = {isa = PBXFileReference; lastKnownFileType = sourcecode.swift; path = menuViewCollectionViewCell.swift; sourceTree = "<group>"; };
		84A209CA23DD3986008E9574 /* selectMemberPopOverViewController.swift */ = {isa = PBXFileReference; lastKnownFileType = sourcecode.swift; path = selectMemberPopOverViewController.swift; sourceTree = "<group>"; };
		84A209CC23DD399B008E9574 /* selectMemberSharedFile.swift */ = {isa = PBXFileReference; lastKnownFileType = sourcecode.swift; path = selectMemberSharedFile.swift; sourceTree = "<group>"; };
		84A209CE23DD39B9008E9574 /* selectMemberTableViewCell.swift */ = {isa = PBXFileReference; lastKnownFileType = sourcecode.swift; path = selectMemberTableViewCell.swift; sourceTree = "<group>"; };
		84A209D123DD4802008E9574 /* payMaintenaceSelectMemberPopOverViewController.swift */ = {isa = PBXFileReference; lastKnownFileType = sourcecode.swift; path = payMaintenaceSelectMemberPopOverViewController.swift; sourceTree = "<group>"; };
		84A209D323DD4821008E9574 /* payMaintenanceSelectMemberSharedFile.swift */ = {isa = PBXFileReference; lastKnownFileType = sourcecode.swift; path = payMaintenanceSelectMemberSharedFile.swift; sourceTree = "<group>"; };
		84F2921123C7372400502408 /* MySociety.app */ = {isa = PBXFileReference; explicitFileType = wrapper.application; includeInIndex = 0; path = MySociety.app; sourceTree = BUILT_PRODUCTS_DIR; };
		84F2921423C7372400502408 /* AppDelegate.swift */ = {isa = PBXFileReference; lastKnownFileType = sourcecode.swift; path = AppDelegate.swift; sourceTree = "<group>"; };
		84F2921B23C7372400502408 /* Base */ = {isa = PBXFileReference; lastKnownFileType = file.storyboard; name = Base; path = Base.lproj/Main.storyboard; sourceTree = "<group>"; };
		84F2921E23C7372400502408 /* MySociety.xcdatamodel */ = {isa = PBXFileReference; lastKnownFileType = wrapper.xcdatamodel; path = MySociety.xcdatamodel; sourceTree = "<group>"; };
		84F2922023C7372700502408 /* Assets.xcassets */ = {isa = PBXFileReference; lastKnownFileType = folder.assetcatalog; path = Assets.xcassets; sourceTree = "<group>"; };
		84F2922323C7372700502408 /* Base */ = {isa = PBXFileReference; lastKnownFileType = file.storyboard; name = Base; path = Base.lproj/LaunchScreen.storyboard; sourceTree = "<group>"; };
		84F2922523C7372700502408 /* Info.plist */ = {isa = PBXFileReference; lastKnownFileType = text.plist.xml; path = Info.plist; sourceTree = "<group>"; };
		84F2922F23C7541200502408 /* helper.swift */ = {isa = PBXFileReference; lastKnownFileType = sourcecode.swift; path = helper.swift; sourceTree = "<group>"; };
		84F2923123C7542C00502408 /* extension.swift */ = {isa = PBXFileReference; lastKnownFileType = sourcecode.swift; path = extension.swift; sourceTree = "<group>"; };
		84F2923323C7547000502408 /* HomePageViewController.swift */ = {isa = PBXFileReference; lastKnownFileType = sourcecode.swift; path = HomePageViewController.swift; sourceTree = "<group>"; };
/* End PBXFileReference section */

/* Begin PBXFrameworksBuildPhase section */
		84F2920E23C7372400502408 /* Frameworks */ = {
			isa = PBXFrameworksBuildPhase;
			buildActionMask = 2147483647;
			files = (
				67861BC36EF596250B6D9B8F /* Pods_MySociety.framework in Frameworks */,
			);
			runOnlyForDeploymentPostprocessing = 0;
		};
/* End PBXFrameworksBuildPhase section */

/* Begin PBXGroup section */
		39845274DAB40A0CF19EC526 /* Frameworks */ = {
			isa = PBXGroup;
			children = (
				616CD4AE33FB49C3F6E2F425 /* Pods_MySociety.framework */,
			);
			name = Frameworks;
			sourceTree = "<group>";
		};
		4A38F20D7B3AC23EFAB94DD6 /* Pods */ = {
			isa = PBXGroup;
			children = (
				26E4484AD80C2B227BCF7FD7 /* Pods-MySociety.debug.xcconfig */,
				67FE426745B0933B74F71AD5 /* Pods-MySociety.release.xcconfig */,
			);
			path = Pods;
			sourceTree = "<group>";
		};
		840F81ED23D8569800671370 /* Home Page Model */ = {
			isa = PBXGroup;
			children = (
				840F81F623D856BD00671370 /* ElectionResultHome.swift */,
				840F81F523D856BD00671370 /* EventHome.swift */,
				840F81F123D856BC00671370 /* Feed.swift */,
				840F81F223D856BD00671370 /* homePage.swift */,
				840F81F723D856BD00671370 /* LiveElectionHome.swift */,
				840F81F323D856BD00671370 /* LivePolHome.swift */,
				840F81F423D856BD00671370 /* Notice.swift */,
				840F81EE23D856BC00671370 /* PollResultHome.swift */,
				840F81EF23D856BC00671370 /* UpcomingElectionHome.swift */,
				840F81F023D856BC00671370 /* VideoHome.swift */,
			);
			path = "Home Page Model";
			sourceTree = "<group>";
		};
		840F820223D87EED00671370 /* Event Detail Model */ = {
			isa = PBXGroup;
			children = (
				840F820323D87EFD00671370 /* EventDetail.swift */,
			);
			path = "Event Detail Model";
			sourceTree = "<group>";
		};
		8410615323CD885300CCA206 /* Complaints List */ = {
			isa = PBXGroup;
			children = (
				8413857B23CB888A005CFA57 /* complaintsListViewController.swift */,
				8413858123CB88D4005CFA57 /* complaintsListTableViewCell.swift */,
			);
			path = "Complaints List";
			sourceTree = "<group>";
		};
		8410615423CD887100CCA206 /* Complaint Detail */ = {
			isa = PBXGroup;
			children = (
				8413857D23CB88A1005CFA57 /* ComplaintDetailViewController.swift */,
				8421442D23CCB57700803589 /* complaintsChatMyChatTableViewCell.swift */,
				8421442F23CCB5A300803589 /* complaintsChatOtherChatTableViewCell.swift */,
			);
			path = "Complaint Detail";
			sourceTree = "<group>";
		};
		8410615523CD887C00CCA206 /* New Complaint  */ = {
			isa = PBXGroup;
			children = (
				8413857F23CB88B8005CFA57 /* NewComplaintsViewController.swift */,
			);
			path = "New Complaint ";
			sourceTree = "<group>";
		};
		841205F623E2E3CD00912A6B /* Election List */ = {
			isa = PBXGroup;
			children = (
				841205F723E2E3E300912A6B /* ElectionData.swift */,
				841205F823E2E3E300912A6B /* ElectionList.swift */,
			);
			path = "Election List";
			sourceTree = "<group>";
		};
		841205FB23E3081700912A6B /* Maintenance List */ = {
			isa = PBXGroup;
			children = (
				841205FC23E3082C00912A6B /* MaintenanceData.swift */,
				841205FD23E3082C00912A6B /* maintenanceList.swift */,
			);
			path = "Maintenance List";
			sourceTree = "<group>";
		};
		8413595123D1766C0033AD1E /* Registration_login controller */ = {
			isa = PBXGroup;
			children = (
				8413595223D1769C0033AD1E /* registrationOptionsViewController.swift */,
				8413595723D189010033AD1E /* logInUserViewController.swift */,
				8413595923D18C270033AD1E /* RegisterInExistingSocietyViewController.swift */,
				84138A2F23DAC02D0067B669 /* selectSocietyPopOverViewController.swift */,
				84138A3123DAC06A0067B669 /* selectSocietySharedFile.swift */,
				84138A3323DAC27A0067B669 /* RegisterUserSelctSocietyTableViewCell.swift */,
			);
			path = "Registration_login controller";
			sourceTree = "<group>";
		};
		8413595423D17A5C0033AD1E /* Register Society Controller */ = {
			isa = PBXGroup;
			children = (
				8413595523D17A860033AD1E /* registerSocietyViewController.swift */,
			);
			path = "Register Society Controller";
			sourceTree = "<group>";
		};
		8413595C23D1AB900033AD1E /* Notification COntroller */ = {
			isa = PBXGroup;
			children = (
				8413595D23D1ABA80033AD1E /* notificationViewController.swift */,
				8413595F23D1AC720033AD1E /* notificationTableViewCell.swift */,
			);
			path = "Notification COntroller";
			sourceTree = "<group>";
		};
		8413856623CB861D005CFA57 /* Notice And Announcement Controller */ = {
			isa = PBXGroup;
			children = (
				8413856D23CB87FE005CFA57 /* noticeListViewController.swift */,
				8413856F23CB880C005CFA57 /* NewNoticeViewController.swift */,
				8413857123CB8824005CFA57 /* NoticeListTableViewCell.swift */,
			);
			path = "Notice And Announcement Controller";
			sourceTree = "<group>";
		};
		8413856723CB8630005CFA57 /* Event List Controller */ = {
			isa = PBXGroup;
			children = (
				8413857323CB883A005CFA57 /* EventListTableViewCell.swift */,
				8413857523CB8854005CFA57 /* EventListViewController.swift */,
				8413857723CB8862005CFA57 /* EventDetailViewController.swift */,
				8413857923CB886D005CFA57 /* AddEventViewController.swift */,
				8413858D23CBA422005CFA57 /* EventDetailImageGalleryCollectionViewCell.swift */,
			);
			path = "Event List Controller";
			sourceTree = "<group>";
		};
		8413856823CB8645005CFA57 /* Complaints Controller */ = {
			isa = PBXGroup;
			children = (
				8410615523CD887C00CCA206 /* New Complaint  */,
				8410615423CD887100CCA206 /* Complaint Detail */,
				8410615323CD885300CCA206 /* Complaints List */,
			);
			path = "Complaints Controller";
			sourceTree = "<group>";
		};
		8413856923CB8666005CFA57 /* Member Directory Controller */ = {
			isa = PBXGroup;
			children = (
				84A209C923DD3900008E9574 /* Select Member */,
				8413858723CB89A5005CFA57 /* MemberDirectoryListViewController.swift */,
				8413858923CB89B9005CFA57 /* ChangeMemberPositionViewController.swift */,
				8413858B23CB89D8005CFA57 /* MemberDirectoryListTableViewCell.swift */,
			);
			path = "Member Directory Controller";
			sourceTree = "<group>";
		};
		8413856A23CB8691005CFA57 /* Opinion Poll Controller */ = {
			isa = PBXGroup;
			children = (
				8451C04923CDEFC800250292 /* Opinion Poll cells */,
				8451C04523CDEFAC00250292 /* opinionPollViewController.swift */,
				8451C04723CDEFC300250292 /* createOpinionPollViewController.swift */,
			);
			path = "Opinion Poll Controller";
			sourceTree = "<group>";
		};
		8413856B23CB86A4005CFA57 /* Election Controller */ = {
			isa = PBXGroup;
			children = (
				841C426F23CEE28800993483 /* ElectionLiveInsideCell */,
				841C426623CEE19300993483 /* Election list Cells */,
				841C426223CEE17800993483 /* ELectionListViewController.swift */,
				841C426423CEE18800993483 /* newElectionViewController.swift */,
				841C427423CF144D00993483 /* newElectionTableViewCell.swift */,
			);
			path = "Election Controller";
			sourceTree = "<group>";
		};
		8413856C23CB86B4005CFA57 /* Group Chat Controller */ = {
			isa = PBXGroup;
			children = (
				841C427623CF1A7900993483 /* GroupChatViewController.swift */,
				841C427823CF1AD300993483 /* groupChatOthersCHatTableViewCell.swift */,
				841C427A23CF1AE200993483 /* GroupCHatMyCHatTableViewCell.swift */,
			);
			path = "Group Chat Controller";
			sourceTree = "<group>";
		};
		8413AFD623D2F92E0033F5BB /* Chat Model */ = {
			isa = PBXGroup;
			children = (
				8413AFDF23D304290033F5BB /* chat.swift */,
				8413AFDE23D304290033F5BB /* ChatData.swift */,
			);
			path = "Chat Model";
			sourceTree = "<group>";
		};
		8413AFD923D2F94E0033F5BB /* Complaints Model */ = {
			isa = PBXGroup;
			children = (
				8413AFDB23D2F9990033F5BB /* complaints.swift */,
				8413AFDA23D2F9990033F5BB /* ComplaintsData.swift */,
			);
			path = "Complaints Model";
			sourceTree = "<group>";
		};
		8413AFF223D335920033F5BB /* Notice Model */ = {
			isa = PBXGroup;
			children = (
				8413AFF323D335AC0033F5BB /* notice.swift */,
				8413AFF423D335AC0033F5BB /* NoticeDatas.swift */,
			);
			path = "Notice Model";
			sourceTree = "<group>";
		};
		8413AFF723D342BE0033F5BB /* Event Model */ = {
			isa = PBXGroup;
			children = (
				8413AFF923D342E90033F5BB /* event.swift */,
				8413AFF823D342E90033F5BB /* EventDatas.swift */,
			);
			path = "Event Model";
			sourceTree = "<group>";
		};
		8418EBB223D9CDDC0037AE57 /* MemeberDirectory Users */ = {
			isa = PBXGroup;
			children = (
				8418EBB323D9CDFC0037AE57 /* MemberDirectoryData.swift */,
				8418EBB423D9CDFC0037AE57 /* memeberUsers.swift */,
			);
			path = "MemeberDirectory Users";
			sourceTree = "<group>";
		};
		841C426623CEE19300993483 /* Election list Cells */ = {
			isa = PBXGroup;
			children = (
				841C426923CEE1CF00993483 /* liveElectionListTableViewCell.swift */,
				841C426B23CEE1E300993483 /* UpcomingElectionTableViewCell.swift */,
				841C426D23CEE25300993483 /* ResultElectionListTableViewCell.swift */,
			);
			path = "Election list Cells";
			sourceTree = "<group>";
		};
		841C426F23CEE28800993483 /* ElectionLiveInsideCell */ = {
			isa = PBXGroup;
			children = (
				841C427023CEE2BA00993483 /* ElectionLiveInsideTableViewCell.swift */,
			);
			path = ElectionLiveInsideCell;
			sourceTree = "<group>";
		};
		841C427C23CF2E6100993483 /* Feedback Controller */ = {
			isa = PBXGroup;
			children = (
				841C427D23CF2E8400993483 /* FeedbackViewController.swift */,
				841C427F23CF2E9D00993483 /* feedbackTableViewCell.swift */,
			);
			path = "Feedback Controller";
			sourceTree = "<group>";
		};
		841C428123CF361D00993483 /* Video Controller */ = {
			isa = PBXGroup;
			children = (
				841C428223CF363F00993483 /* postVideoViewController.swift */,
			);
			path = "Video Controller";
			sourceTree = "<group>";
		};
		841C428423CF3D9A00993483 /* Maintenance Controller */ = {
			isa = PBXGroup;
			children = (
				84A209D023DD47D3008E9574 /* maintenanceSelectMember */,
				841C428523CF3DF600993483 /* maintenanceListViewController.swift */,
				841C428723CF3E1600993483 /* PayManintenanceMAountViewController.swift */,
				841C428923CF3E3200993483 /* maintenanceTableViewCell.swift */,
			);
			path = "Maintenance Controller";
			sourceTree = "<group>";
		};
		842CCF8B23C8453A003FF488 /* Home Controllers */ = {
			isa = PBXGroup;
			children = (
				84F2923323C7547000502408 /* HomePageViewController.swift */,
				842CCF8C23C846CD003FF488 /* TableView Cells */,
			);
			path = "Home Controllers";
			sourceTree = "<group>";
		};
		842CCF8C23C846CD003FF488 /* TableView Cells */ = {
			isa = PBXGroup;
			children = (
				842CCF8D23C846F0003FF488 /* videoHomePageTableViewCell.swift */,
				842CCF8F23C8470B003FF488 /* upcomingElectionHomePageTableViewCell.swift */,
				842CCF9123C8471A003FF488 /* noticeHomePageTableViewCell.swift */,
				842CCF9323C8472B003FF488 /* electionResultsHomePageTableViewCell.swift */,
				842CCF9523C84748003FF488 /* livePollHomepgeTableViewCell.swift */,
				842CCF9723C8475A003FF488 /* pollResultHomePageTableViewCell.swift */,
				842CCF9923C8476E003FF488 /* eventHomePageTableViewCell.swift */,
				842CCF9B23C8477D003FF488 /* liveElectionHomePageTableViewCell.swift */,
				842CCF9D23C87D6A003FF488 /* PlayerView.swift */,
			);
			path = "TableView Cells";
			sourceTree = "<group>";
		};
		8432E84B23E15B4900374A39 /* Society List */ = {
			isa = PBXGroup;
			children = (
				8432E84C23E15B6B00374A39 /* SocietyData.swift */,
				8432E84D23E15B6B00374A39 /* societyList.swift */,
			);
			path = "Society List";
			sourceTree = "<group>";
		};
		8432E85023E179AE00374A39 /* Users List */ = {
			isa = PBXGroup;
			children = (
				8432E85623E1828500374A39 /* UsersData.swift */,
				8432E85523E1828500374A39 /* UsersList.swift */,
			);
			path = "Users List";
			sourceTree = "<group>";
		};
		8432E85923E19B4400374A39 /* OpenionPollList */ = {
			isa = PBXGroup;
			children = (
				8432E85A23E19B5E00374A39 /* OpenionPollList.swift */,
				8432E85B23E19B5E00374A39 /* OpinionPoll.swift */,
			);
			path = OpenionPollList;
			sourceTree = "<group>";
		};
		843755C723DB0AFB0085DA0D /* FeedBack Model */ = {
			isa = PBXGroup;
			children = (
				843755C823DB0B240085DA0D /* FeedbackData.swift */,
				843755C923DB0B240085DA0D /* FeedbackList.swift */,
			);
			path = "FeedBack Model";
			sourceTree = "<group>";
		};
		8451C04923CDEFC800250292 /* Opinion Poll cells */ = {
			isa = PBXGroup;
			children = (
				8451C04C23CDF02600250292 /* opinionPollLiveVoteItTableViewCell.swift */,
				8451C04E23CDF03800250292 /* opinionPollLiveVotedTableViewCell.swift */,
				8451C05023CDF05100250292 /* opinionPollResultTableViewCell.swift */,
			);
			path = "Opinion Poll cells";
			sourceTree = "<group>";
		};
		84867EA523C9F0CE00D9B83C /* Menu Controller */ = {
			isa = PBXGroup;
			children = (
				842CCF8823C83FD7003FF488 /* MenuViewController.swift */,
				84867EA623C9F11100D9B83C /* menuViewCollectionViewCell.swift */,
				840A264823D03C2E005D1232 /* NotificationInMenuTableViewCell.swift */,
			);
			path = "Menu Controller";
			sourceTree = "<group>";
		};
		84A209C923DD3900008E9574 /* Select Member */ = {
			isa = PBXGroup;
			children = (
				84A209CA23DD3986008E9574 /* selectMemberPopOverViewController.swift */,
				84A209CC23DD399B008E9574 /* selectMemberSharedFile.swift */,
				84A209CE23DD39B9008E9574 /* selectMemberTableViewCell.swift */,
			);
			path = "Select Member";
			sourceTree = "<group>";
		};
		84A209D023DD47D3008E9574 /* maintenanceSelectMember */ = {
			isa = PBXGroup;
			children = (
				84A209D123DD4802008E9574 /* payMaintenaceSelectMemberPopOverViewController.swift */,
				84A209D323DD4821008E9574 /* payMaintenanceSelectMemberSharedFile.swift */,
			);
			path = maintenanceSelectMember;
			sourceTree = "<group>";
		};
		84A64F7D23D88783005D8185 /* ComplainDetail Model */ = {
			isa = PBXGroup;
			children = (
			);
			path = "ComplainDetail Model";
			sourceTree = "<group>";
		};
		84F2920823C7372400502408 = {
			isa = PBXGroup;
			children = (
				84F2921323C7372400502408 /* MySociety */,
				84F2921223C7372400502408 /* Products */,
				4A38F20D7B3AC23EFAB94DD6 /* Pods */,
				39845274DAB40A0CF19EC526 /* Frameworks */,
			);
			sourceTree = "<group>";
		};
		84F2921223C7372400502408 /* Products */ = {
			isa = PBXGroup;
			children = (
				84F2921123C7372400502408 /* MySociety.app */,
			);
			name = Products;
			sourceTree = "<group>";
		};
		84F2921323C7372400502408 /* MySociety */ = {
			isa = PBXGroup;
			children = (
				84F2922E23C753E400502408 /* Helper files */,
				84F2922D23C753DA00502408 /* Controller */,
				84F2922C23C753D400502408 /* View */,
				84F2922B23C753CC00502408 /* Model */,
				84F2922523C7372700502408 /* Info.plist */,
				84F2921D23C7372400502408 /* MySociety.xcdatamodeld */,
			);
			path = MySociety;
			sourceTree = "<group>";
		};
		84F2922B23C753CC00502408 /* Model */ = {
			isa = PBXGroup;
			children = (
				841205FB23E3081700912A6B /* Maintenance List */,
				841205F623E2E3CD00912A6B /* Election List */,
				8432E85923E19B4400374A39 /* OpenionPollList */,
				8432E85023E179AE00374A39 /* Users List */,
				8432E84B23E15B4900374A39 /* Society List */,
				843755C723DB0AFB0085DA0D /* FeedBack Model */,
				8418EBB223D9CDDC0037AE57 /* MemeberDirectory Users */,
				84A64F7D23D88783005D8185 /* ComplainDetail Model */,
				840F820223D87EED00671370 /* Event Detail Model */,
				840F81ED23D8569800671370 /* Home Page Model */,
				8413AFF723D342BE0033F5BB /* Event Model */,
				8413AFF223D335920033F5BB /* Notice Model */,
				8413AFD923D2F94E0033F5BB /* Complaints Model */,
				8413AFD623D2F92E0033F5BB /* Chat Model */,
			);
			path = Model;
			sourceTree = "<group>";
		};
		84F2922C23C753D400502408 /* View */ = {
			isa = PBXGroup;
			children = (
				84F2921A23C7372400502408 /* Main.storyboard */,
				84F2922223C7372700502408 /* LaunchScreen.storyboard */,
			);
			path = View;
			sourceTree = "<group>";
		};
		84F2922D23C753DA00502408 /* Controller */ = {
			isa = PBXGroup;
			children = (
				8441C01323DC722E00B0B1E0 /* tabBarControllerViewController.swift */,
				8413595C23D1AB900033AD1E /* Notification COntroller */,
				8413595423D17A5C0033AD1E /* Register Society Controller */,
				8413595123D1766C0033AD1E /* Registration_login controller */,
				841C428423CF3D9A00993483 /* Maintenance Controller */,
				841C428123CF361D00993483 /* Video Controller */,
				841C427C23CF2E6100993483 /* Feedback Controller */,
				8413856C23CB86B4005CFA57 /* Group Chat Controller */,
				8413856B23CB86A4005CFA57 /* Election Controller */,
				8413856A23CB8691005CFA57 /* Opinion Poll Controller */,
				8413856923CB8666005CFA57 /* Member Directory Controller */,
				8413856823CB8645005CFA57 /* Complaints Controller */,
				8413856723CB8630005CFA57 /* Event List Controller */,
				8413856623CB861D005CFA57 /* Notice And Announcement Controller */,
				84867EA523C9F0CE00D9B83C /* Menu Controller */,
				842CCF8B23C8453A003FF488 /* Home Controllers */,
			);
			path = Controller;
			sourceTree = "<group>";
		};
		84F2922E23C753E400502408 /* Helper files */ = {
			isa = PBXGroup;
			children = (
				84F2921423C7372400502408 /* AppDelegate.swift */,
				84F2922F23C7541200502408 /* helper.swift */,
				84F2923123C7542C00502408 /* extension.swift */,
				84F2922023C7372700502408 /* Assets.xcassets */,
			);
			path = "Helper files";
			sourceTree = "<group>";
		};
/* End PBXGroup section */

/* Begin PBXNativeTarget section */
		84F2921023C7372400502408 /* MySociety */ = {
			isa = PBXNativeTarget;
			buildConfigurationList = 84F2922823C7372700502408 /* Build configuration list for PBXNativeTarget "MySociety" */;
			buildPhases = (
				34A0F83CE69312715E016B64 /* [CP] Check Pods Manifest.lock */,
				84F2920D23C7372400502408 /* Sources */,
				84F2920E23C7372400502408 /* Frameworks */,
				84F2920F23C7372400502408 /* Resources */,
				2390FF9662A570AF7CBD29B9 /* [CP] Embed Pods Frameworks */,
			);
			buildRules = (
			);
			dependencies = (
			);
			name = MySociety;
			productName = MySociety;
			productReference = 84F2921123C7372400502408 /* MySociety.app */;
			productType = "com.apple.product-type.application";
		};
/* End PBXNativeTarget section */

/* Begin PBXProject section */
		84F2920923C7372400502408 /* Project object */ = {
			isa = PBXProject;
			attributes = {
				LastSwiftUpdateCheck = 1110;
				LastUpgradeCheck = 1110;
				ORGANIZATIONNAME = Admin;
				TargetAttributes = {
					84F2921023C7372400502408 = {
						CreatedOnToolsVersion = 11.1;
					};
				};
			};
			buildConfigurationList = 84F2920C23C7372400502408 /* Build configuration list for PBXProject "MySociety" */;
			compatibilityVersion = "Xcode 9.3";
			developmentRegion = en;
			hasScannedForEncodings = 0;
			knownRegions = (
				en,
				Base,
			);
			mainGroup = 84F2920823C7372400502408;
			productRefGroup = 84F2921223C7372400502408 /* Products */;
			projectDirPath = "";
			projectRoot = "";
			targets = (
				84F2921023C7372400502408 /* MySociety */,
			);
		};
/* End PBXProject section */

/* Begin PBXResourcesBuildPhase section */
		84F2920F23C7372400502408 /* Resources */ = {
			isa = PBXResourcesBuildPhase;
			buildActionMask = 2147483647;
			files = (
				84F2922423C7372700502408 /* LaunchScreen.storyboard in Resources */,
				84F2922123C7372700502408 /* Assets.xcassets in Resources */,
				84F2921C23C7372400502408 /* Main.storyboard in Resources */,
			);
			runOnlyForDeploymentPostprocessing = 0;
		};
/* End PBXResourcesBuildPhase section */

/* Begin PBXShellScriptBuildPhase section */
		2390FF9662A570AF7CBD29B9 /* [CP] Embed Pods Frameworks */ = {
			isa = PBXShellScriptBuildPhase;
			buildActionMask = 2147483647;
			files = (
			);
			inputFileListPaths = (
				"${PODS_ROOT}/Target Support Files/Pods-MySociety/Pods-MySociety-frameworks-${CONFIGURATION}-input-files.xcfilelist",
			);
			name = "[CP] Embed Pods Frameworks";
			outputFileListPaths = (
				"${PODS_ROOT}/Target Support Files/Pods-MySociety/Pods-MySociety-frameworks-${CONFIGURATION}-output-files.xcfilelist",
			);
			runOnlyForDeploymentPostprocessing = 0;
			shellPath = /bin/sh;
			shellScript = "\"${PODS_ROOT}/Target Support Files/Pods-MySociety/Pods-MySociety-frameworks.sh\"\n";
			showEnvVarsInLog = 0;
		};
		34A0F83CE69312715E016B64 /* [CP] Check Pods Manifest.lock */ = {
			isa = PBXShellScriptBuildPhase;
			buildActionMask = 2147483647;
			files = (
			);
			inputFileListPaths = (
			);
			inputPaths = (
				"${PODS_PODFILE_DIR_PATH}/Podfile.lock",
				"${PODS_ROOT}/Manifest.lock",
			);
			name = "[CP] Check Pods Manifest.lock";
			outputFileListPaths = (
			);
			outputPaths = (
				"$(DERIVED_FILE_DIR)/Pods-MySociety-checkManifestLockResult.txt",
			);
			runOnlyForDeploymentPostprocessing = 0;
			shellPath = /bin/sh;
			shellScript = "diff \"${PODS_PODFILE_DIR_PATH}/Podfile.lock\" \"${PODS_ROOT}/Manifest.lock\" > /dev/null\nif [ $? != 0 ] ; then\n    # print error to STDERR\n    echo \"error: The sandbox is not in sync with the Podfile.lock. Run 'pod install' or update your CocoaPods installation.\" >&2\n    exit 1\nfi\n# This output is used by Xcode 'outputs' to avoid re-running this script phase.\necho \"SUCCESS\" > \"${SCRIPT_OUTPUT_FILE_0}\"\n";
			showEnvVarsInLog = 0;
		};
/* End PBXShellScriptBuildPhase section */

/* Begin PBXSourcesBuildPhase section */
		84F2920D23C7372400502408 /* Sources */ = {
			isa = PBXSourcesBuildPhase;
			buildActionMask = 2147483647;
			files = (
				8413AFE123D304290033F5BB /* chat.swift in Sources */,
				841C428623CF3DF600993483 /* maintenanceListViewController.swift in Sources */,
				8413AFDC23D2F9990033F5BB /* ComplaintsData.swift in Sources */,
				8413857A23CB886D005CFA57 /* AddEventViewController.swift in Sources */,
				8432E84E23E15B6B00374A39 /* SocietyData.swift in Sources */,
				8413595E23D1ABA80033AD1E /* notificationViewController.swift in Sources */,
				841C426323CEE17800993483 /* ELectionListViewController.swift in Sources */,
				8413595823D189010033AD1E /* logInUserViewController.swift in Sources */,
				840F820123D856BD00671370 /* LiveElectionHome.swift in Sources */,
				841C427723CF1A7900993483 /* GroupChatViewController.swift in Sources */,
				8432E85823E1828500374A39 /* UsersData.swift in Sources */,
				841C427123CEE2BA00993483 /* ElectionLiveInsideTableViewCell.swift in Sources */,
				843755CB23DB0B240085DA0D /* FeedbackList.swift in Sources */,
				8413857223CB8824005CFA57 /* NoticeListTableViewCell.swift in Sources */,
				8413858223CB88D4005CFA57 /* complaintsListTableViewCell.swift in Sources */,
				841C428A23CF3E3200993483 /* maintenanceTableViewCell.swift in Sources */,
				8413857623CB8854005CFA57 /* EventListViewController.swift in Sources */,
				842CCF9A23C8476E003FF488 /* eventHomePageTableViewCell.swift in Sources */,
				84A209CB23DD3986008E9574 /* selectMemberPopOverViewController.swift in Sources */,
				841C428323CF363F00993483 /* postVideoViewController.swift in Sources */,
				8413AFF523D335AC0033F5BB /* notice.swift in Sources */,
				8413858C23CB89D8005CFA57 /* MemberDirectoryListTableViewCell.swift in Sources */,
				840F81FE23D856BD00671370 /* Notice.swift in Sources */,
				840F81F923D856BD00671370 /* UpcomingElectionHome.swift in Sources */,
				84F2923023C7541200502408 /* helper.swift in Sources */,
				841205FA23E2E3E300912A6B /* ElectionList.swift in Sources */,
				8441C01423DC722E00B0B1E0 /* tabBarControllerViewController.swift in Sources */,
				8413596023D1AC720033AD1E /* notificationTableViewCell.swift in Sources */,
				841C427523CF144D00993483 /* newElectionTableViewCell.swift in Sources */,
				841C426E23CEE25300993483 /* ResultElectionListTableViewCell.swift in Sources */,
				840F81FF23D856BD00671370 /* EventHome.swift in Sources */,
				84A209D223DD4802008E9574 /* payMaintenaceSelectMemberPopOverViewController.swift in Sources */,
				842CCF8923C83FD7003FF488 /* MenuViewController.swift in Sources */,
				8451C04D23CDF02600250292 /* opinionPollLiveVoteItTableViewCell.swift in Sources */,
				84A209CD23DD399B008E9574 /* selectMemberSharedFile.swift in Sources */,
				840F81FB23D856BD00671370 /* Feed.swift in Sources */,
				8413857423CB883A005CFA57 /* EventListTableViewCell.swift in Sources */,
				840F820023D856BD00671370 /* ElectionResultHome.swift in Sources */,
				8413857023CB880C005CFA57 /* NewNoticeViewController.swift in Sources */,
				841205F923E2E3E300912A6B /* ElectionData.swift in Sources */,
				841C428023CF2E9D00993483 /* feedbackTableViewCell.swift in Sources */,
				841C427923CF1AD300993483 /* groupChatOthersCHatTableViewCell.swift in Sources */,
				840F820423D87EFE00671370 /* EventDetail.swift in Sources */,
				8451C04F23CDF03800250292 /* opinionPollLiveVotedTableViewCell.swift in Sources */,
				8451C05123CDF05100250292 /* opinionPollResultTableViewCell.swift in Sources */,
				8413AFDD23D2F9990033F5BB /* complaints.swift in Sources */,
				842CCF9E23C87D6A003FF488 /* PlayerView.swift in Sources */,
				8432E85D23E19B5E00374A39 /* OpinionPoll.swift in Sources */,
				840F81FC23D856BD00671370 /* homePage.swift in Sources */,
				84A209D423DD4821008E9574 /* payMaintenanceSelectMemberSharedFile.swift in Sources */,
				84A209CF23DD39B9008E9574 /* selectMemberTableViewCell.swift in Sources */,
				8413595623D17A860033AD1E /* registerSocietyViewController.swift in Sources */,
				8413AFF623D335AC0033F5BB /* NoticeDatas.swift in Sources */,
				840F81FA23D856BD00671370 /* VideoHome.swift in Sources */,
				8421443023CCB5A300803589 /* complaintsChatOtherChatTableViewCell.swift in Sources */,
				8413856E23CB87FE005CFA57 /* noticeListViewController.swift in Sources */,
				8413AFFB23D342EA0033F5BB /* event.swift in Sources */,
				84867EA723C9F11100D9B83C /* menuViewCollectionViewCell.swift in Sources */,
				84F2921F23C7372400502408 /* MySociety.xcdatamodeld in Sources */,
				842CCF9C23C8477D003FF488 /* liveElectionHomePageTableViewCell.swift in Sources */,
				8432E85723E1828500374A39 /* UsersList.swift in Sources */,
				8413AFE023D304290033F5BB /* ChatData.swift in Sources */,
				8413858023CB88B8005CFA57 /* NewComplaintsViewController.swift in Sources */,
				8451C04823CDEFC300250292 /* createOpinionPollViewController.swift in Sources */,
				8432E84F23E15B6B00374A39 /* societyList.swift in Sources */,
				842CCF9823C8475A003FF488 /* pollResultHomePageTableViewCell.swift in Sources */,
				8413595323D1769C0033AD1E /* registrationOptionsViewController.swift in Sources */,
				8413857E23CB88A1005CFA57 /* ComplaintDetailViewController.swift in Sources */,
				84138A3023DAC02D0067B669 /* selectSocietyPopOverViewController.swift in Sources */,
				840A264923D03C2E005D1232 /* NotificationInMenuTableViewCell.swift in Sources */,
				840F81F823D856BD00671370 /* PollResultHome.swift in Sources */,
				842CCF9623C84748003FF488 /* livePollHomepgeTableViewCell.swift in Sources */,
				842CCF9423C8472B003FF488 /* electionResultsHomePageTableViewCell.swift in Sources */,
				8418EBB523D9CDFC0037AE57 /* MemberDirectoryData.swift in Sources */,
				841C427E23CF2E8400993483 /* FeedbackViewController.swift in Sources */,
				8413858823CB89A5005CFA57 /* MemberDirectoryListViewController.swift in Sources */,
				8421442E23CCB57700803589 /* complaintsChatMyChatTableViewCell.swift in Sources */,
				84138A3223DAC06A0067B669 /* selectSocietySharedFile.swift in Sources */,
				8413AFFA23D342EA0033F5BB /* EventDatas.swift in Sources */,
				84F2921523C7372400502408 /* AppDelegate.swift in Sources */,
				84138A3423DAC27A0067B669 /* RegisterUserSelctSocietyTableViewCell.swift in Sources */,
				842CCF9023C8470B003FF488 /* upcomingElectionHomePageTableViewCell.swift in Sources */,
				843755CA23DB0B240085DA0D /* FeedbackData.swift in Sources */,
				841C426523CEE18800993483 /* newElectionViewController.swift in Sources */,
				8418EBB623D9CDFC0037AE57 /* memeberUsers.swift in Sources */,
				8413858A23CB89B9005CFA57 /* ChangeMemberPositionViewController.swift in Sources */,
				8432E85C23E19B5E00374A39 /* OpenionPollList.swift in Sources */,
				8413858E23CBA422005CFA57 /* EventDetailImageGalleryCollectionViewCell.swift in Sources */,
				841C426A23CEE1CF00993483 /* liveElectionListTableViewCell.swift in Sources */,
				8413857C23CB888A005CFA57 /* complaintsListViewController.swift in Sources */,
				84F2923423C7547000502408 /* HomePageViewController.swift in Sources */,
				841205FF23E3082C00912A6B /* maintenanceList.swift in Sources */,
				8413595A23D18C270033AD1E /* RegisterInExistingSocietyViewController.swift in Sources */,
				842CCF8E23C846F0003FF488 /* videoHomePageTableViewCell.swift in Sources */,
				842CCF9223C8471A003FF488 /* noticeHomePageTableViewCell.swift in Sources */,
				841C428823CF3E1600993483 /* PayManintenanceMAountViewController.swift in Sources */,
				841205FE23E3082C00912A6B /* MaintenanceData.swift in Sources */,
				8413857823CB8862005CFA57 /* EventDetailViewController.swift in Sources */,
				8451C04623CDEFAC00250292 /* opinionPollViewController.swift in Sources */,
				841C426C23CEE1E300993483 /* UpcomingElectionTableViewCell.swift in Sources */,
				84F2923223C7542C00502408 /* extension.swift in Sources */,
				841C427B23CF1AE200993483 /* GroupCHatMyCHatTableViewCell.swift in Sources */,
				840F81FD23D856BD00671370 /* LivePolHome.swift in Sources */,
			);
			runOnlyForDeploymentPostprocessing = 0;
		};
/* End PBXSourcesBuildPhase section */

/* Begin PBXVariantGroup section */
		84F2921A23C7372400502408 /* Main.storyboard */ = {
			isa = PBXVariantGroup;
			children = (
				84F2921B23C7372400502408 /* Base */,
			);
			name = Main.storyboard;
			sourceTree = "<group>";
		};
		84F2922223C7372700502408 /* LaunchScreen.storyboard */ = {
			isa = PBXVariantGroup;
			children = (
				84F2922323C7372700502408 /* Base */,
			);
			name = LaunchScreen.storyboard;
			sourceTree = "<group>";
		};
/* End PBXVariantGroup section */

/* Begin XCBuildConfiguration section */
		84F2922623C7372700502408 /* Debug */ = {
			isa = XCBuildConfiguration;
			buildSettings = {
				ALWAYS_SEARCH_USER_PATHS = NO;
				CLANG_ANALYZER_NONNULL = YES;
				CLANG_ANALYZER_NUMBER_OBJECT_CONVERSION = YES_AGGRESSIVE;
				CLANG_CXX_LANGUAGE_STANDARD = "gnu++14";
				CLANG_CXX_LIBRARY = "libc++";
				CLANG_ENABLE_MODULES = YES;
				CLANG_ENABLE_OBJC_ARC = YES;
				CLANG_ENABLE_OBJC_WEAK = YES;
				CLANG_WARN_BLOCK_CAPTURE_AUTORELEASING = YES;
				CLANG_WARN_BOOL_CONVERSION = YES;
				CLANG_WARN_COMMA = YES;
				CLANG_WARN_CONSTANT_CONVERSION = YES;
				CLANG_WARN_DEPRECATED_OBJC_IMPLEMENTATIONS = YES;
				CLANG_WARN_DIRECT_OBJC_ISA_USAGE = YES_ERROR;
				CLANG_WARN_DOCUMENTATION_COMMENTS = YES;
				CLANG_WARN_EMPTY_BODY = YES;
				CLANG_WARN_ENUM_CONVERSION = YES;
				CLANG_WARN_INFINITE_RECURSION = YES;
				CLANG_WARN_INT_CONVERSION = YES;
				CLANG_WARN_NON_LITERAL_NULL_CONVERSION = YES;
				CLANG_WARN_OBJC_IMPLICIT_RETAIN_SELF = YES;
				CLANG_WARN_OBJC_LITERAL_CONVERSION = YES;
				CLANG_WARN_OBJC_ROOT_CLASS = YES_ERROR;
				CLANG_WARN_RANGE_LOOP_ANALYSIS = YES;
				CLANG_WARN_STRICT_PROTOTYPES = YES;
				CLANG_WARN_SUSPICIOUS_MOVE = YES;
				CLANG_WARN_UNGUARDED_AVAILABILITY = YES_AGGRESSIVE;
				CLANG_WARN_UNREACHABLE_CODE = YES;
				CLANG_WARN__DUPLICATE_METHOD_MATCH = YES;
				COPY_PHASE_STRIP = NO;
				DEBUG_INFORMATION_FORMAT = dwarf;
				ENABLE_STRICT_OBJC_MSGSEND = YES;
				ENABLE_TESTABILITY = YES;
				GCC_C_LANGUAGE_STANDARD = gnu11;
				GCC_DYNAMIC_NO_PIC = NO;
				GCC_NO_COMMON_BLOCKS = YES;
				GCC_OPTIMIZATION_LEVEL = 0;
				GCC_PREPROCESSOR_DEFINITIONS = (
					"DEBUG=1",
					"$(inherited)",
				);
				GCC_WARN_64_TO_32_BIT_CONVERSION = YES;
				GCC_WARN_ABOUT_RETURN_TYPE = YES_ERROR;
				GCC_WARN_UNDECLARED_SELECTOR = YES;
				GCC_WARN_UNINITIALIZED_AUTOS = YES_AGGRESSIVE;
				GCC_WARN_UNUSED_FUNCTION = YES;
				GCC_WARN_UNUSED_VARIABLE = YES;
				IPHONEOS_DEPLOYMENT_TARGET = 13.1;
				MTL_ENABLE_DEBUG_INFO = INCLUDE_SOURCE;
				MTL_FAST_MATH = YES;
				ONLY_ACTIVE_ARCH = YES;
				SDKROOT = iphoneos;
				SWIFT_ACTIVE_COMPILATION_CONDITIONS = DEBUG;
				SWIFT_OPTIMIZATION_LEVEL = "-Onone";
			};
			name = Debug;
		};
		84F2922723C7372700502408 /* Release */ = {
			isa = XCBuildConfiguration;
			buildSettings = {
				ALWAYS_SEARCH_USER_PATHS = NO;
				CLANG_ANALYZER_NONNULL = YES;
				CLANG_ANALYZER_NUMBER_OBJECT_CONVERSION = YES_AGGRESSIVE;
				CLANG_CXX_LANGUAGE_STANDARD = "gnu++14";
				CLANG_CXX_LIBRARY = "libc++";
				CLANG_ENABLE_MODULES = YES;
				CLANG_ENABLE_OBJC_ARC = YES;
				CLANG_ENABLE_OBJC_WEAK = YES;
				CLANG_WARN_BLOCK_CAPTURE_AUTORELEASING = YES;
				CLANG_WARN_BOOL_CONVERSION = YES;
				CLANG_WARN_COMMA = YES;
				CLANG_WARN_CONSTANT_CONVERSION = YES;
				CLANG_WARN_DEPRECATED_OBJC_IMPLEMENTATIONS = YES;
				CLANG_WARN_DIRECT_OBJC_ISA_USAGE = YES_ERROR;
				CLANG_WARN_DOCUMENTATION_COMMENTS = YES;
				CLANG_WARN_EMPTY_BODY = YES;
				CLANG_WARN_ENUM_CONVERSION = YES;
				CLANG_WARN_INFINITE_RECURSION = YES;
				CLANG_WARN_INT_CONVERSION = YES;
				CLANG_WARN_NON_LITERAL_NULL_CONVERSION = YES;
				CLANG_WARN_OBJC_IMPLICIT_RETAIN_SELF = YES;
				CLANG_WARN_OBJC_LITERAL_CONVERSION = YES;
				CLANG_WARN_OBJC_ROOT_CLASS = YES_ERROR;
				CLANG_WARN_RANGE_LOOP_ANALYSIS = YES;
				CLANG_WARN_STRICT_PROTOTYPES = YES;
				CLANG_WARN_SUSPICIOUS_MOVE = YES;
				CLANG_WARN_UNGUARDED_AVAILABILITY = YES_AGGRESSIVE;
				CLANG_WARN_UNREACHABLE_CODE = YES;
				CLANG_WARN__DUPLICATE_METHOD_MATCH = YES;
				COPY_PHASE_STRIP = NO;
				DEBUG_INFORMATION_FORMAT = "dwarf-with-dsym";
				ENABLE_NS_ASSERTIONS = NO;
				ENABLE_STRICT_OBJC_MSGSEND = YES;
				GCC_C_LANGUAGE_STANDARD = gnu11;
				GCC_NO_COMMON_BLOCKS = YES;
				GCC_WARN_64_TO_32_BIT_CONVERSION = YES;
				GCC_WARN_ABOUT_RETURN_TYPE = YES_ERROR;
				GCC_WARN_UNDECLARED_SELECTOR = YES;
				GCC_WARN_UNINITIALIZED_AUTOS = YES_AGGRESSIVE;
				GCC_WARN_UNUSED_FUNCTION = YES;
				GCC_WARN_UNUSED_VARIABLE = YES;
				IPHONEOS_DEPLOYMENT_TARGET = 13.1;
				MTL_ENABLE_DEBUG_INFO = NO;
				MTL_FAST_MATH = YES;
				SDKROOT = iphoneos;
				SWIFT_COMPILATION_MODE = wholemodule;
				SWIFT_OPTIMIZATION_LEVEL = "-O";
				VALIDATE_PRODUCT = YES;
			};
			name = Release;
		};
		84F2922923C7372700502408 /* Debug */ = {
			isa = XCBuildConfiguration;
			baseConfigurationReference = 26E4484AD80C2B227BCF7FD7 /* Pods-MySociety.debug.xcconfig */;
			buildSettings = {
				ASSETCATALOG_COMPILER_APPICON_NAME = AppIcon;
				CODE_SIGN_STYLE = Automatic;
				DEVELOPMENT_TEAM = XKJSYM82N6;
				INFOPLIST_FILE = MySociety/Info.plist;
				IPHONEOS_DEPLOYMENT_TARGET = 11.0;
				LD_RUNPATH_SEARCH_PATHS = (
					"$(inherited)",
					"@executable_path/Frameworks",
				);
				PRODUCT_BUNDLE_IDENTIFIER = amani.MySociety;
				PRODUCT_NAME = "$(TARGET_NAME)";
				SWIFT_VERSION = 5.0;
				TARGETED_DEVICE_FAMILY = "1,2";
			};
			name = Debug;
		};
		84F2922A23C7372700502408 /* Release */ = {
			isa = XCBuildConfiguration;
			baseConfigurationReference = 67FE426745B0933B74F71AD5 /* Pods-MySociety.release.xcconfig */;
			buildSettings = {
				ASSETCATALOG_COMPILER_APPICON_NAME = AppIcon;
				CODE_SIGN_STYLE = Automatic;
				DEVELOPMENT_TEAM = XKJSYM82N6;
				INFOPLIST_FILE = MySociety/Info.plist;
				IPHONEOS_DEPLOYMENT_TARGET = 11.0;
				LD_RUNPATH_SEARCH_PATHS = (
					"$(inherited)",
					"@executable_path/Frameworks",
				);
				PRODUCT_BUNDLE_IDENTIFIER = amani.MySociety;
				PRODUCT_NAME = "$(TARGET_NAME)";
				SWIFT_VERSION = 5.0;
				TARGETED_DEVICE_FAMILY = "1,2";
			};
			name = Release;
		};
/* End XCBuildConfiguration section */

/* Begin XCConfigurationList section */
		84F2920C23C7372400502408 /* Build configuration list for PBXProject "MySociety" */ = {
			isa = XCConfigurationList;
			buildConfigurations = (
				84F2922623C7372700502408 /* Debug */,
				84F2922723C7372700502408 /* Release */,
			);
			defaultConfigurationIsVisible = 0;
			defaultConfigurationName = Release;
		};
		84F2922823C7372700502408 /* Build configuration list for PBXNativeTarget "MySociety" */ = {
			isa = XCConfigurationList;
			buildConfigurations = (
				84F2922923C7372700502408 /* Debug */,
				84F2922A23C7372700502408 /* Release */,
			);
			defaultConfigurationIsVisible = 0;
			defaultConfigurationName = Release;
		};
/* End XCConfigurationList section */

/* Begin XCVersionGroup section */
		84F2921D23C7372400502408 /* MySociety.xcdatamodeld */ = {
			isa = XCVersionGroup;
			children = (
				84F2921E23C7372400502408 /* MySociety.xcdatamodel */,
			);
			currentVersion = 84F2921E23C7372400502408 /* MySociety.xcdatamodel */;
			path = MySociety.xcdatamodeld;
			sourceTree = "<group>";
			versionGroupType = wrapper.xcdatamodel;
		};
/* End XCVersionGroup section */
	};
	rootObject = 84F2920923C7372400502408 /* Project object */;
}
